
Microsoft Visual Studio Solution File, Format Version 12.00
# Visual Studio Version 16
VisualStudioVersion = 16.0.30114.105
MinimumVisualStudioVersion = 10.0.40219.1
Project("{9A19103F-16F7-4668-BE54-9A1E7A4F7556}") = "Math.Yuk", "Math.Yuk\Math.Yuk.csproj", "{8FC265C1-D569-4D5D-8D25-8E5E2854B079}"
EndProject
Project("{9A19103F-16F7-4668-BE54-9A1E7A4F7556}") = "Math.Eng", "Math.Eng\Math.Eng.csproj", "{E622EDED-E994-4ECD-9AEB-9B1A13E4C614}"
EndProject
Project("{9A19103F-16F7-4668-BE54-9A1E7A4F7556}") = "Math.Lang", "Math.Lang\Math.Lang.csproj", "{F4B90CF1-64D5-4A8C-A567-9A57534C0FBB}"
EndProject
Project("{9A19103F-16F7-4668-BE54-9A1E7A4F7556}") = "Math.Console", "Math.Console\Math.Console.csproj", "{DF038762-967B-436E-BD14-4CA09DDA0C3E}"
EndProject
Project("{9A19103F-16F7-4668-BE54-9A1E7A4F7556}") = "Math.Fin", "Math.Fin\Math.Fin.csproj", "{3343DCA6-6483-42D8-B032-E80B00216D8E}"
EndProject
Project("{FAE04EC0-301F-11D3-BF4B-00C04F79EFBC}") = "Math.Bet", "Math.Bet\Math.Bet.csproj", "{00955913-5044-4889-8FEB-2D8DC2F3966E}"
EndProject
Project("{FAE04EC0-301F-11D3-BF4B-00C04F79EFBC}") = "Math.Poker", "Math.Poker\Math.Poker.csproj", "{F9B3AA79-2133-45F9-8096-C82FFB58E16B}"
EndProject
Global
	GlobalSection(SolutionConfigurationPlatforms) = preSolution
		Debug|Any CPU = Debug|Any CPU
		Release|Any CPU = Release|Any CPU
	EndGlobalSection
	GlobalSection(ProjectConfigurationPlatforms) = postSolution
		{8FC265C1-D569-4D5D-8D25-8E5E2854B079}.Debug|Any CPU.ActiveCfg = Debug|Any CPU
		{8FC265C1-D569-4D5D-8D25-8E5E2854B079}.Debug|Any CPU.Build.0 = Debug|Any CPU
		{8FC265C1-D569-4D5D-8D25-8E5E2854B079}.Release|Any CPU.ActiveCfg = Release|Any CPU
		{8FC265C1-D569-4D5D-8D25-8E5E2854B079}.Release|Any CPU.Build.0 = Release|Any CPU
		{E622EDED-E994-4ECD-9AEB-9B1A13E4C614}.Debug|Any CPU.ActiveCfg = Debug|Any CPU
		{E622EDED-E994-4ECD-9AEB-9B1A13E4C614}.Debug|Any CPU.Build.0 = Debug|Any CPU
		{E622EDED-E994-4ECD-9AEB-9B1A13E4C614}.Release|Any CPU.ActiveCfg = Release|Any CPU
		{E622EDED-E994-4ECD-9AEB-9B1A13E4C614}.Release|Any CPU.Build.0 = Release|Any CPU
		{F4B90CF1-64D5-4A8C-A567-9A57534C0FBB}.Debug|Any CPU.ActiveCfg = Debug|Any CPU
		{F4B90CF1-64D5-4A8C-A567-9A57534C0FBB}.Debug|Any CPU.Build.0 = Debug|Any CPU
		{F4B90CF1-64D5-4A8C-A567-9A57534C0FBB}.Release|Any CPU.ActiveCfg = Release|Any CPU
		{F4B90CF1-64D5-4A8C-A567-9A57534C0FBB}.Release|Any CPU.Build.0 = Release|Any CPU
		{DF038762-967B-436E-BD14-4CA09DDA0C3E}.Debug|Any CPU.ActiveCfg = Debug|Any CPU
		{DF038762-967B-436E-BD14-4CA09DDA0C3E}.Debug|Any CPU.Build.0 = Debug|Any CPU
		{DF038762-967B-436E-BD14-4CA09DDA0C3E}.Release|Any CPU.ActiveCfg = Release|Any CPU
		{DF038762-967B-436E-BD14-4CA09DDA0C3E}.Release|Any CPU.Build.0 = Release|Any CPU
		{3343DCA6-6483-42D8-B032-E80B00216D8E}.Debug|Any CPU.ActiveCfg = Debug|Any CPU
		{3343DCA6-6483-42D8-B032-E80B00216D8E}.Debug|Any CPU.Build.0 = Debug|Any CPU
		{3343DCA6-6483-42D8-B032-E80B00216D8E}.Release|Any CPU.ActiveCfg = Release|Any CPU
		{3343DCA6-6483-42D8-B032-E80B00216D8E}.Release|Any CPU.Build.0 = Release|Any CPU
		{00955913-5044-4889-8FEB-2D8DC2F3966E}.Debug|Any CPU.ActiveCfg = Debug|Any CPU
		{00955913-5044-4889-8FEB-2D8DC2F3966E}.Debug|Any CPU.Build.0 = Debug|Any CPU
		{00955913-5044-4889-8FEB-2D8DC2F3966E}.Release|Any CPU.ActiveCfg = Release|Any CPU
		{00955913-5044-4889-8FEB-2D8DC2F3966E}.Release|Any CPU.Build.0 = Release|Any CPU
		{F9B3AA79-2133-45F9-8096-C82FFB58E16B}.Debug|Any CPU.ActiveCfg = Debug|Any CPU
		{F9B3AA79-2133-45F9-8096-C82FFB58E16B}.Debug|Any CPU.Build.0 = Debug|Any CPU
		{F9B3AA79-2133-45F9-8096-C82FFB58E16B}.Release|Any CPU.ActiveCfg = Release|Any CPU
		{F9B3AA79-2133-45F9-8096-C82FFB58E16B}.Release|Any CPU.Build.0 = Release|Any CPU
	EndGlobalSection
	GlobalSection(SolutionProperties) = preSolution
		HideSolutionNode = FALSE
	EndGlobalSection
	GlobalSection(ExtensibilityGlobals) = postSolution
		SolutionGuid = {CF42DA74-43C4-495F-86AE-43CB7F1C121C}
	EndGlobalSection
EndGlobal
